
Microsoft Visual Studio Solution File, Format Version 12.00
# Visual Studio Version 17
VisualStudioVersion = 17.6.33723.286
MinimumVisualStudioVersion = 10.0.40219.1
Project("{9A19103F-16F7-4668-BE54-9A1E7A4F7556}") = "Loop", "Loop\Loop.csproj", "{5B29C213-3C7E-4CAA-BF1E-502F7A5692C4}"
EndProject
Project("{FAE04EC0-301F-11D3-BF4B-00C04F79EFBC}") = "Looptest", "Looptest\Looptest.csproj", "{F18B0B64-2AC4-42D1-A1AD-DB248282712E}"
EndProject
Global
	GlobalSection(SolutionConfigurationPlatforms) = preSolution
		Debug|Any CPU = Debug|Any CPU
		Release|Any CPU = Release|Any CPU
	EndGlobalSection
	GlobalSection(ProjectConfigurationPlatforms) = postSolution
		{5B29C213-3C7E-4CAA-BF1E-502F7A5692C4}.Debug|Any CPU.ActiveCfg = Debug|Any CPU
		{5B29C213-3C7E-4CAA-BF1E-502F7A5692C4}.Debug|Any CPU.Build.0 = Debug|Any CPU
		{5B29C213-3C7E-4CAA-BF1E-502F7A5692C4}.Release|Any CPU.ActiveCfg = Release|Any CPU
		{5B29C213-3C7E-4CAA-BF1E-502F7A5692C4}.Release|Any CPU.Build.0 = Release|Any CPU
		{F18B0B64-2AC4-42D1-A1AD-DB248282712E}.Debug|Any CPU.ActiveCfg = Debug|Any CPU
		{F18B0B64-2AC4-42D1-A1AD-DB248282712E}.Debug|Any CPU.Build.0 = Debug|Any CPU
		{F18B0B64-2AC4-42D1-A1AD-DB248282712E}.Release|Any CPU.ActiveCfg = Release|Any CPU
		{F18B0B64-2AC4-42D1-A1AD-DB248282712E}.Release|Any CPU.Build.0 = Release|Any CPU
	EndGlobalSection
	GlobalSection(SolutionProperties) = preSolution
		HideSolutionNode = FALSE
	EndGlobalSection
	GlobalSection(ExtensibilityGlobals) = postSolution
		SolutionGuid = {DBD51B8D-7242-4304-BB8A-9A8507D8ED45}
	EndGlobalSection
EndGlobal
